dependencies:
- name: postgresql
  repository: oci://registry-1.docker.io/bitnamicharts
  version: 18.5.1
- name: mysql
  repository: oci://registry-1.docker.io/bitnamicharts
  version: 12.3.5
- name: redis
  repository: oci://registry-1.docker.io/bitnamicharts
  version: 25.3.2
digest: sha256:70bed0f17a2b031b04ff7af07806f83e00106b78553b81dc8486b83c4e9103da
generated: "2026-03-01T08:07:44.993163+01:00"
